
Microsoft Visual Studio Solution File, Format Version 12.00
# Visual Studio Version 17
VisualStudioVersion = 17.0.31903.59
MinimumVisualStudioVersion = 10.0.40219.1
Project("{2150E333-8FDC-42A3-9474-1A3956D46DE8}") = "src", "src", "{827E0CD3-B72D-47B6-A68D-7590B98EB39B}"
EndProject
Project("{FAE04EC0-301F-11D3-BF4B-00C04F79EFBC}") = "XStorage.Contracts", "src\XStorage.Contracts\XStorage.Contracts.csproj", "{AD2B4EEF-97A6-42B5-AA62-ECF166B02477}"
EndProject
Project("{FAE04EC0-301F-11D3-BF4B-00C04F79EFBC}") = "XStorage.Storage", "src\XStorage.Storage\XStorage.Storage.csproj", "{F6A65B86-8B2F-40D5-AE9D-1CFDAD3E6B07}"
EndProject
Project("{FAE04EC0-301F-11D3-BF4B-00C04F79EFBC}") = "XStorage.Server", "src\XStorage.Server\XStorage.Server.csproj", "{B7B78256-8EAB-43F8-8166-82188EADF929}"
EndProject
Project("{FAE04EC0-301F-11D3-BF4B-00C04F79EFBC}") = "XStorage.Client", "src\XStorage.Client\XStorage.Client.csproj", "{634D5F29-6043-45E2-8637-AA7FA347B850}"
EndProject
Project("{2150E333-8FDC-42A3-9474-1A3956D46DE8}") = "tests", "tests", "{0AB3BF05-4346-4AA6-1389-037BE0695223}"
EndProject
Project("{FAE04EC0-301F-11D3-BF4B-00C04F79EFBC}") = "XStorage.Storage.Tests", "tests\XStorage.Storage.Tests\XStorage.Storage.Tests.csproj", "{9669C1A6-1212-4A49-B735-46A284BA453A}"
EndProject
Project("{FAE04EC0-301F-11D3-BF4B-00C04F79EFBC}") = "XStorage.Server.Tests", "tests\XStorage.Server.Tests\XStorage.Server.Tests.csproj", "{4F054413-04ED-426E-8397-4094709FC623}"
EndProject
Project("{FAE04EC0-301F-11D3-BF4B-00C04F79EFBC}") = "XStorage.Client.Tests", "tests\XStorage.Client.Tests\XStorage.Client.Tests.csproj", "{4CDBBF1F-E324-420E-B495-EFF4437317D8}"
EndProject
Project("{FAE04EC0-301F-11D3-BF4B-00C04F79EFBC}") = "XStorage.SdkCompatibility.Tests", "tests\XStorage.SdkCompatibility.Tests\XStorage.SdkCompatibility.Tests.csproj", "{2B9EBB99-A6D6-4150-A58A-5354E2472CB8}"
EndProject
Global
	GlobalSection(SolutionConfigurationPlatforms) = preSolution
		Debug|Any CPU = Debug|Any CPU
		Debug|x64 = Debug|x64
		Debug|x86 = Debug|x86
		Release|Any CPU = Release|Any CPU
		Release|x64 = Release|x64
		Release|x86 = Release|x86
	EndGlobalSection
	GlobalSection(ProjectConfigurationPlatforms) = postSolution
		{AD2B4EEF-97A6-42B5-AA62-ECF166B02477}.Debug|Any CPU.ActiveCfg = Debug|Any CPU
		{AD2B4EEF-97A6-42B5-AA62-ECF166B02477}.Debug|Any CPU.Build.0 = Debug|Any CPU
		{AD2B4EEF-97A6-42B5-AA62-ECF166B02477}.Debug|x64.ActiveCfg = Debug|Any CPU
		{AD2B4EEF-97A6-42B5-AA62-ECF166B02477}.Debug|x64.Build.0 = Debug|Any CPU
		{AD2B4EEF-97A6-42B5-AA62-ECF166B02477}.Debug|x86.ActiveCfg = Debug|Any CPU
		{AD2B4EEF-97A6-42B5-AA62-ECF166B02477}.Debug|x86.Build.0 = Debug|Any CPU
		{AD2B4EEF-97A6-42B5-AA62-ECF166B02477}.Release|Any CPU.ActiveCfg = Release|Any CPU
		{AD2B4EEF-97A6-42B5-AA62-ECF166B02477}.Release|Any CPU.Build.0 = Release|Any CPU
		{AD2B4EEF-97A6-42B5-AA62-ECF166B02477}.Release|x64.ActiveCfg = Release|Any CPU
		{AD2B4EEF-97A6-42B5-AA62-ECF166B02477}.Release|x64.Build.0 = Release|Any CPU
		{AD2B4EEF-97A6-42B5-AA62-ECF166B02477}.Release|x86.ActiveCfg = Release|Any CPU
		{AD2B4EEF-97A6-42B5-AA62-ECF166B02477}.Release|x86.Build.0 = Release|Any CPU
		{F6A65B86-8B2F-40D5-AE9D-1CFDAD3E6B07}.Debug|Any CPU.ActiveCfg = Debug|Any CPU
		{F6A65B86-8B2F-40D5-AE9D-1CFDAD3E6B07}.Debug|Any CPU.Build.0 = Debug|Any CPU
		{F6A65B86-8B2F-40D5-AE9D-1CFDAD3E6B07}.Debug|x64.ActiveCfg = Debug|Any CPU
		{F6A65B86-8B2F-40D5-AE9D-1CFDAD3E6B07}.Debug|x64.Build.0 = Debug|Any CPU
		{F6A65B86-8B2F-40D5-AE9D-1CFDAD3E6B07}.Debug|x86.ActiveCfg = Debug|Any CPU
		{F6A65B86-8B2F-40D5-AE9D-1CFDAD3E6B07}.Debug|x86.Build.0 = Debug|Any CPU
		{F6A65B86-8B2F-40D5-AE9D-1CFDAD3E6B07}.Release|Any CPU.ActiveCfg = Release|Any CPU
		{F6A65B86-8B2F-40D5-AE9D-1CFDAD3E6B07}.Release|Any CPU.Build.0 = Release|Any CPU
		{F6A65B86-8B2F-40D5-AE9D-1CFDAD3E6B07}.Release|x64.ActiveCfg = Release|Any CPU
		{F6A65B86-8B2F-40D5-AE9D-1CFDAD3E6B07}.Release|x64.Build.0 = Release|Any CPU
		{F6A65B86-8B2F-40D5-AE9D-1CFDAD3E6B07}.Release|x86.ActiveCfg = Release|Any CPU
		{F6A65B86-8B2F-40D5-AE9D-1CFDAD3E6B07}.Release|x86.Build.0 = Release|Any CPU
		{B7B78256-8EAB-43F8-8166-82188EADF929}.Debug|Any CPU.ActiveCfg = Debug|Any CPU
		{B7B78256-8EAB-43F8-8166-82188EADF929}.Debug|Any CPU.Build.0 = Debug|Any CPU
		{B7B78256-8EAB-43F8-8166-82188EADF929}.Debug|x64.ActiveCfg = Debug|Any CPU
		{B7B78256-8EAB-43F8-8166-82188EADF929}.Debug|x64.Build.0 = Debug|Any CPU
		{B7B78256-8EAB-43F8-8166-82188EADF929}.Debug|x86.ActiveCfg = Debug|Any CPU
		{B7B78256-8EAB-43F8-8166-82188EADF929}.Debug|x86.Build.0 = Debug|Any CPU
		{B7B78256-8EAB-43F8-8166-82188EADF929}.Release|Any CPU.ActiveCfg = Release|Any CPU
		{B7B78256-8EAB-43F8-8166-82188EADF929}.Release|Any CPU.Build.0 = Release|Any CPU
		{B7B78256-8EAB-43F8-8166-82188EADF929}.Release|x64.ActiveCfg = Release|Any CPU
		{B7B78256-8EAB-43F8-8166-82188EADF929}.Release|x64.Build.0 = Release|Any CPU
		{B7B78256-8EAB-43F8-8166-82188EADF929}.Release|x86.ActiveCfg = Release|Any CPU
		{B7B78256-8EAB-43F8-8166-82188EADF929}.Release|x86.Build.0 = Release|Any CPU
		{634D5F29-6043-45E2-8637-AA7FA347B850}.Debug|Any CPU.ActiveCfg = Debug|Any CPU
		{634D5F29-6043-45E2-8637-AA7FA347B850}.Debug|Any CPU.Build.0 = Debug|Any CPU
		{634D5F29-6043-45E2-8637-AA7FA347B850}.Debug|x64.ActiveCfg = Debug|Any CPU
		{634D5F29-6043-45E2-8637-AA7FA347B850}.Debug|x64.Build.0 = Debug|Any CPU
		{634D5F29-6043-45E2-8637-AA7FA347B850}.Debug|x86.ActiveCfg = Debug|Any CPU
		{634D5F29-6043-45E2-8637-AA7FA347B850}.Debug|x86.Build.0 = Debug|Any CPU
		{634D5F29-6043-45E2-8637-AA7FA347B850}.Release|Any CPU.ActiveCfg = Release|Any CPU
		{634D5F29-6043-45E2-8637-AA7FA347B850}.Release|Any CPU.Build.0 = Release|Any CPU
		{634D5F29-6043-45E2-8637-AA7FA347B850}.Release|x64.ActiveCfg = Release|Any CPU
		{634D5F29-6043-45E2-8637-AA7FA347B850}.Release|x64.Build.0 = Release|Any CPU
		{634D5F29-6043-45E2-8637-AA7FA347B850}.Release|x86.ActiveCfg = Release|Any CPU
		{634D5F29-6043-45E2-8637-AA7FA347B850}.Release|x86.Build.0 = Release|Any CPU
		{9669C1A6-1212-4A49-B735-46A284BA453A}.Debug|Any CPU.ActiveCfg = Debug|Any CPU
		{9669C1A6-1212-4A49-B735-46A284BA453A}.Debug|Any CPU.Build.0 = Debug|Any CPU
		{9669C1A6-1212-4A49-B735-46A284BA453A}.Debug|x64.ActiveCfg = Debug|Any CPU
		{9669C1A6-1212-4A49-B735-46A284BA453A}.Debug|x64.Build.0 = Debug|Any CPU
		{9669C1A6-1212-4A49-B735-46A284BA453A}.Debug|x86.ActiveCfg = Debug|Any CPU
		{9669C1A6-1212-4A49-B735-46A284BA453A}.Debug|x86.Build.0 = Debug|Any CPU
		{9669C1A6-1212-4A49-B735-46A284BA453A}.Release|Any CPU.ActiveCfg = Release|Any CPU
		{9669C1A6-1212-4A49-B735-46A284BA453A}.Release|Any CPU.Build.0 = Release|Any CPU
		{9669C1A6-1212-4A49-B735-46A284BA453A}.Release|x64.ActiveCfg = Release|Any CPU
		{9669C1A6-1212-4A49-B735-46A284BA453A}.Release|x64.Build.0 = Release|Any CPU
		{9669C1A6-1212-4A49-B735-46A284BA453A}.Release|x86.ActiveCfg = Release|Any CPU
		{9669C1A6-1212-4A49-B735-46A284BA453A}.Release|x86.Build.0 = Release|Any CPU
		{4F054413-04ED-426E-8397-4094709FC623}.Debug|Any CPU.ActiveCfg = Debug|Any CPU
		{4F054413-04ED-426E-8397-4094709FC623}.Debug|Any CPU.Build.0 = Debug|Any CPU
		{4F054413-04ED-426E-8397-4094709FC623}.Debug|x64.ActiveCfg = Debug|Any CPU
		{4F054413-04ED-426E-8397-4094709FC623}.Debug|x64.Build.0 = Debug|Any CPU
		{4F054413-04ED-426E-8397-4094709FC623}.Debug|x86.ActiveCfg = Debug|Any CPU
		{4F054413-04ED-426E-8397-4094709FC623}.Debug|x86.Build.0 = Debug|Any CPU
		{4F054413-04ED-426E-8397-4094709FC623}.Release|Any CPU.ActiveCfg = Release|Any CPU
		{4F054413-04ED-426E-8397-4094709FC623}.Release|Any CPU.Build.0 = Release|Any CPU
		{4F054413-04ED-426E-8397-4094709FC623}.Release|x64.ActiveCfg = Release|Any CPU
		{4F054413-04ED-426E-8397-4094709FC623}.Release|x64.Build.0 = Release|Any CPU
		{4F054413-04ED-426E-8397-4094709FC623}.Release|x86.ActiveCfg = Release|Any CPU
		{4F054413-04ED-426E-8397-4094709FC623}.Release|x86.Build.0 = Release|Any CPU
		{4CDBBF1F-E324-420E-B495-EFF4437317D8}.Debug|Any CPU.ActiveCfg = Debug|Any CPU
		{4CDBBF1F-E324-420E-B495-EFF4437317D8}.Debug|Any CPU.Build.0 = Debug|Any CPU
		{4CDBBF1F-E324-420E-B495-EFF4437317D8}.Debug|x64.ActiveCfg = Debug|Any CPU
		{4CDBBF1F-E324-420E-B495-EFF4437317D8}.Debug|x64.Build.0 = Debug|Any CPU
		{4CDBBF1F-E324-420E-B495-EFF4437317D8}.Debug|x86.ActiveCfg = Debug|Any CPU
		{4CDBBF1F-E324-420E-B495-EFF4437317D8}.Debug|x86.Build.0 = Debug|Any CPU
		{4CDBBF1F-E324-420E-B495-EFF4437317D8}.Release|Any CPU.ActiveCfg = Release|Any CPU
		{4CDBBF1F-E324-420E-B495-EFF4437317D8}.Release|Any CPU.Build.0 = Release|Any CPU
		{4CDBBF1F-E324-420E-B495-EFF4437317D8}.Release|x64.ActiveCfg = Release|Any CPU
		{4CDBBF1F-E324-420E-B495-EFF4437317D8}.Release|x64.Build.0 = Release|Any CPU
		{4CDBBF1F-E324-420E-B495-EFF4437317D8}.Release|x86.ActiveCfg = Release|Any CPU
		{4CDBBF1F-E324-420E-B495-EFF4437317D8}.Release|x86.Build.0 = Release|Any CPU
		{2B9EBB99-A6D6-4150-A58A-5354E2472CB8}.Debug|Any CPU.ActiveCfg = Debug|Any CPU
		{2B9EBB99-A6D6-4150-A58A-5354E2472CB8}.Debug|Any CPU.Build.0 = Debug|Any CPU
		{2B9EBB99-A6D6-4150-A58A-5354E2472CB8}.Debug|x64.ActiveCfg = Debug|Any CPU
		{2B9EBB99-A6D6-4150-A58A-5354E2472CB8}.Debug|x64.Build.0 = Debug|Any CPU
		{2B9EBB99-A6D6-4150-A58A-5354E2472CB8}.Debug|x86.ActiveCfg = Debug|Any CPU
		{2B9EBB99-A6D6-4150-A58A-5354E2472CB8}.Debug|x86.Build.0 = Debug|Any CPU
		{2B9EBB99-A6D6-4150-A58A-5354E2472CB8}.Release|Any CPU.ActiveCfg = Release|Any CPU
		{2B9EBB99-A6D6-4150-A58A-5354E2472CB8}.Release|Any CPU.Build.0 = Release|Any CPU
		{2B9EBB99-A6D6-4150-A58A-5354E2472CB8}.Release|x64.ActiveCfg = Release|Any CPU
		{2B9EBB99-A6D6-4150-A58A-5354E2472CB8}.Release|x64.Build.0 = Release|Any CPU
		{2B9EBB99-A6D6-4150-A58A-5354E2472CB8}.Release|x86.ActiveCfg = Release|Any CPU
		{2B9EBB99-A6D6-4150-A58A-5354E2472CB8}.Release|x86.Build.0 = Release|Any CPU
	EndGlobalSection
	GlobalSection(SolutionProperties) = preSolution
		HideSolutionNode = FALSE
	EndGlobalSection
	GlobalSection(NestedProjects) = preSolution
		{AD2B4EEF-97A6-42B5-AA62-ECF166B02477} = {827E0CD3-B72D-47B6-A68D-7590B98EB39B}
		{F6A65B86-8B2F-40D5-AE9D-1CFDAD3E6B07} = {827E0CD3-B72D-47B6-A68D-7590B98EB39B}
		{B7B78256-8EAB-43F8-8166-82188EADF929} = {827E0CD3-B72D-47B6-A68D-7590B98EB39B}
		{634D5F29-6043-45E2-8637-AA7FA347B850} = {827E0CD3-B72D-47B6-A68D-7590B98EB39B}
		{9669C1A6-1212-4A49-B735-46A284BA453A} = {0AB3BF05-4346-4AA6-1389-037BE0695223}
		{4F054413-04ED-426E-8397-4094709FC623} = {0AB3BF05-4346-4AA6-1389-037BE0695223}
		{4CDBBF1F-E324-420E-B495-EFF4437317D8} = {0AB3BF05-4346-4AA6-1389-037BE0695223}
		{2B9EBB99-A6D6-4150-A58A-5354E2472CB8} = {0AB3BF05-4346-4AA6-1389-037BE0695223}
	EndGlobalSection
EndGlobal
